// !$*UTF8*$!
{
	archiveVersion = 1;
	classes = {
	};
	objectVersion = 56;
	objects = {

/* Begin PBXBuildFile section */
		424B32372B2A9B8B00FE8F00 /* NavToolApp.swift in Sources */ = {isa = PBXBuildFile; fileRef = 424B32362B2A9B8B00FE8F00 /* NavToolApp.swift */; };
		424B32392B2A9B8B00FE8F00 /* ContentView.swift in Sources */ = {isa = PBXBuildFile; fileRef = 424B32382B2A9B8B00FE8F00 /* ContentView.swift */; };
		424B323B2B2A9B8D00FE8F00 /* Assets.xcassets in Resources */ = {isa = PBXBuildFile; fileRef = 424B323A2B2A9B8D00FE8F00 /* Assets.xcassets */; };
		424B323E2B2A9B8D00FE8F00 /* Preview Assets.xcassets in Resources */ = {isa = PBXBuildFile; fileRef = 424B323D2B2A9B8D00FE8F00 /* Preview Assets.xcassets */; };
		424B32482B2A9B8D00FE8F00 /* NavToolTests.swift in Sources */ = {isa = PBXBuildFile; fileRef = 424B32472B2A9B8D00FE8F00 /* NavToolTests.swift */; };
		424B32522B2A9B8D00FE8F00 /* NavToolUITests.swift in Sources */ = {isa = PBXBuildFile; fileRef = 424B32512B2A9B8D00FE8F00 /* NavToolUITests.swift */; };
		424B32542B2A9B8D00FE8F00 /* NavToolUITestsLaunchTests.swift in Sources */ = {isa = PBXBuildFile; fileRef = 424B32532B2A9B8D00FE8F00 /* NavToolUITestsLaunchTests.swift */; };
		424B32612B2A9BF000FE8F00 /* CompassMarkerView.swift in Sources */ = {isa = PBXBuildFile; fileRef = 424B32602B2A9BF000FE8F00 /* CompassMarkerView.swift */; };
		424B32632B2AA1FF00FE8F00 /* Marker.swift in Sources */ = {isa = PBXBuildFile; fileRef = 424B32622B2AA1FF00FE8F00 /* Marker.swift */; };
		424B32652B2AA23A00FE8F00 /* Compass.swift in Sources */ = {isa = PBXBuildFile; fileRef = 424B32642B2AA23A00FE8F00 /* Compass.swift */; };
		42B3B94D2BB5A8900005A176 /* MapCompass.swift in Sources */ = {isa = PBXBuildFile; fileRef = 42B3B94C2BB5A8900005A176 /* MapCompass.swift */; };
		42C7F9802BB855CA00EA4043 /* ArcGIS in Frameworks */ = {isa = PBXBuildFile; productRef = 42C7F97F2BB855CA00EA4043 /* ArcGIS */; };
		42C7F9822BB855D100EA4043 /* ArcGISToolkit in Frameworks */ = {isa = PBXBuildFile; productRef = 42C7F9812BB855D100EA4043 /* ArcGISToolkit */; };
		42D295AD2BB4AE1300413D83 /* GETGPS.swift in Sources */ = {isa = PBXBuildFile; fileRef = 42D295AC2BB4AE1300413D83 /* GETGPS.swift */; };
		42D295AF2BB4B69C00413D83 /* GPSscreen.swift in Sources */ = {isa = PBXBuildFile; fileRef = 42D295AE2BB4B69C00413D83 /* GPSscreen.swift */; };
/* End PBXBuildFile section */

/* Begin PBXContainerItemProxy section */
		424B32442B2A9B8D00FE8F00 /* PBXContainerItemProxy */ = {
			isa = PBXContainerItemProxy;
			containerPortal = 424B322B2B2A9B8B00FE8F00 /* Project object */;
			proxyType = 1;
			remoteGlobalIDString = 424B32322B2A9B8B00FE8F00;
			remoteInfo = NavTool;
		};
		424B324E2B2A9B8D00FE8F00 /* PBXContainerItemProxy */ = {
			isa = PBXContainerItemProxy;
			containerPortal = 424B322B2B2A9B8B00FE8F00 /* Project object */;
			proxyType = 1;
			remoteGlobalIDString = 424B32322B2A9B8B00FE8F00;
			remoteInfo = NavTool;
		};
/* End PBXContainerItemProxy section */

/* Begin PBXFileReference section */
		424B32332B2A9B8B00FE8F00 /* NavTool.app */ = {isa = PBXFileReference; explicitFileType = wrapper.application; includeInIndex = 0; path = NavTool.app; sourceTree = BUILT_PRODUCTS_DIR; };
		424B32362B2A9B8B00FE8F00 /* NavToolApp.swift */ = {isa = PBXFileReference; lastKnownFileType = sourcecode.swift; path = NavToolApp.swift; sourceTree = "<group>"; };
		424B32382B2A9B8B00FE8F00 /* ContentView.swift */ = {isa = PBXFileReference; lastKnownFileType = sourcecode.swift; path = ContentView.swift; sourceTree = "<group>"; };
		424B323A2B2A9B8D00FE8F00 /* Assets.xcassets */ = {isa = PBXFileReference; lastKnownFileType = folder.assetcatalog; path = Assets.xcassets; sourceTree = "<group>"; };
		424B323D2B2A9B8D00FE8F00 /* Preview Assets.xcassets */ = {isa = PBXFileReference; lastKnownFileType = folder.assetcatalog; path = "Preview Assets.xcassets"; sourceTree = "<group>"; };
		424B32432B2A9B8D00FE8F00 /* NavToolTests.xctest */ = {isa = PBXFileReference; explicitFileType = wrapper.cfbundle; includeInIndex = 0; path = NavToolTests.xctest; sourceTree = BUILT_PRODUCTS_DIR; };
		424B32472B2A9B8D00FE8F00 /* NavToolTests.swift */ = {isa = PBXFileReference; lastKnownFileType = sourcecode.swift; path = NavToolTests.swift; sourceTree = "<group>"; };
		424B324D2B2A9B8D00FE8F00 /* NavToolUITests.xctest */ = {isa = PBXFileReference; explicitFileType = wrapper.cfbundle; includeInIndex = 0; path = NavToolUITests.xctest; sourceTree = BUILT_PRODUCTS_DIR; };
		424B32512B2A9B8D00FE8F00 /* NavToolUITests.swift */ = {isa = PBXFileReference; lastKnownFileType = sourcecode.swift; path = NavToolUITests.swift; sourceTree = "<group>"; };
		424B32532B2A9B8D00FE8F00 /* NavToolUITestsLaunchTests.swift */ = {isa = PBXFileReference; lastKnownFileType = sourcecode.swift; path = NavToolUITestsLaunchTests.swift; sourceTree = "<group>"; };
		424B32602B2A9BF000FE8F00 /* CompassMarkerView.swift */ = {isa = PBXFileReference; lastKnownFileType = sourcecode.swift; path = CompassMarkerView.swift; sourceTree = "<group>"; };
		424B32622B2AA1FF00FE8F00 /* Marker.swift */ = {isa = PBXFileReference; lastKnownFileType = sourcecode.swift; path = Marker.swift; sourceTree = "<group>"; };
		424B32642B2AA23A00FE8F00 /* Compass.swift */ = {isa = PBXFileReference; lastKnownFileType = sourcecode.swift; path = Compass.swift; sourceTree = "<group>"; };
		42B3B94C2BB5A8900005A176 /* MapCompass.swift */ = {isa = PBXFileReference; lastKnownFileType = sourcecode.swift; path = MapCompass.swift; sourceTree = "<group>"; };
		42D295AC2BB4AE1300413D83 /* GETGPS.swift */ = {isa = PBXFileReference; lastKnownFileType = sourcecode.swift; path = GETGPS.swift; sourceTree = "<group>"; };
		42D295AE2BB4B69C00413D83 /* GPSscreen.swift */ = {isa = PBXFileReference; lastKnownFileType = sourcecode.swift; path = GPSscreen.swift; sourceTree = "<group>"; };
/* End PBXFileReference section */

/* Begin PBXFrameworksBuildPhase section */
		424B32302B2A9B8B00FE8F00 /* Frameworks */ = {
			isa = PBXFrameworksBuildPhase;
			buildActionMask = 2147483647;
			files = (
				42C7F9822BB855D100EA4043 /* ArcGISToolkit in Frameworks */,
				42C7F9802BB855CA00EA4043 /* ArcGIS in Frameworks */,
			);
			runOnlyForDeploymentPostprocessing = 0;
		};
		424B32402B2A9B8D00FE8F00 /* Frameworks */ = {
			isa = PBXFrameworksBuildPhase;
			buildActionMask = 2147483647;
			files = (
			);
			runOnlyForDeploymentPostprocessing = 0;
		};
		424B324A2B2A9B8D00FE8F00 /* Frameworks */ = {
			isa = PBXFrameworksBuildPhase;
			buildActionMask = 2147483647;
			files = (
			);
			runOnlyForDeploymentPostprocessing = 0;
		};
/* End PBXFrameworksBuildPhase section */

/* Begin PBXGroup section */
		424B322A2B2A9B8B00FE8F00 = {
			isa = PBXGroup;
			children = (
				424B32352B2A9B8B00FE8F00 /* NavTool */,
				424B32462B2A9B8D00FE8F00 /* NavToolTests */,
				424B32502B2A9B8D00FE8F00 /* NavToolUITests */,
				424B32342B2A9B8B00FE8F00 /* Products */,
				42C7F97E2BB855CA00EA4043 /* Frameworks */,
			);
			sourceTree = "<group>";
		};
		424B32342B2A9B8B00FE8F00 /* Products */ = {
			isa = PBXGroup;
			children = (
				424B32332B2A9B8B00FE8F00 /* NavTool.app */,
				424B32432B2A9B8D00FE8F00 /* NavToolTests.xctest */,
				424B324D2B2A9B8D00FE8F00 /* NavToolUITests.xctest */,
			);
			name = Products;
			sourceTree = "<group>";
		};
		424B32352B2A9B8B00FE8F00 /* NavTool */ = {
			isa = PBXGroup;
			children = (
				424B32362B2A9B8B00FE8F00 /* NavToolApp.swift */,
				424B32382B2A9B8B00FE8F00 /* ContentView.swift */,
				424B323A2B2A9B8D00FE8F00 /* Assets.xcassets */,
				424B323C2B2A9B8D00FE8F00 /* Preview Content */,
				424B32602B2A9BF000FE8F00 /* CompassMarkerView.swift */,
				424B32622B2AA1FF00FE8F00 /* Marker.swift */,
				424B32642B2AA23A00FE8F00 /* Compass.swift */,
				42D295AC2BB4AE1300413D83 /* GETGPS.swift */,
				42D295AE2BB4B69C00413D83 /* GPSscreen.swift */,
				42B3B94C2BB5A8900005A176 /* MapCompass.swift */,
			);
			path = NavTool;
			sourceTree = "<group>";
		};
		424B323C2B2A9B8D00FE8F00 /* Preview Content */ = {
			isa = PBXGroup;
			children = (
				424B323D2B2A9B8D00FE8F00 /* Preview Assets.xcassets */,
			);
			path = "Preview Content";
			sourceTree = "<group>";
		};
		424B32462B2A9B8D00FE8F00 /* NavToolTests */ = {
			isa = PBXGroup;
			children = (
				424B32472B2A9B8D00FE8F00 /* NavToolTests.swift */,
			);
			path = NavToolTests;
			sourceTree = "<group>";
		};
		424B32502B2A9B8D00FE8F00 /* NavToolUITests */ = {
			isa = PBXGroup;
			children = (
				424B32512B2A9B8D00FE8F00 /* NavToolUITests.swift */,
				424B32532B2A9B8D00FE8F00 /* NavToolUITestsLaunchTests.swift */,
			);
			path = NavToolUITests;
			sourceTree = "<group>";
		};
		42C7F97E2BB855CA00EA4043 /* Frameworks */ = {
			isa = PBXGroup;
			children = (
			);
			name = Frameworks;
			sourceTree = "<group>";
		};
/* End PBXGroup section */

/* Begin PBXNativeTarget section */
		424B32322B2A9B8B00FE8F00 /* NavTool */ = {
			isa = PBXNativeTarget;
			buildConfigurationList = 424B32572B2A9B8D00FE8F00 /* Build configuration list for PBXNativeTarget "NavTool" */;
			buildPhases = (
				424B322F2B2A9B8B00FE8F00 /* Sources */,
				424B32302B2A9B8B00FE8F00 /* Frameworks */,
				424B32312B2A9B8B00FE8F00 /* Resources */,
			);
			buildRules = (
			);
			dependencies = (
			);
			name = NavTool;
			packageProductDependencies = (
				42C7F97F2BB855CA00EA4043 /* ArcGIS */,
				42C7F9812BB855D100EA4043 /* ArcGISToolkit */,
			);
			productName = NavTool;
			productReference = 424B32332B2A9B8B00FE8F00 /* NavTool.app */;
			productType = "com.apple.product-type.application";
		};
		424B32422B2A9B8D00FE8F00 /* NavToolTests */ = {
			isa = PBXNativeTarget;
			buildConfigurationList = 424B325A2B2A9B8D00FE8F00 /* Build configuration list for PBXNativeTarget "NavToolTests" */;
			buildPhases = (
				424B323F2B2A9B8D00FE8F00 /* Sources */,
				424B32402B2A9B8D00FE8F00 /* Frameworks */,
				424B32412B2A9B8D00FE8F00 /* Resources */,
			);
			buildRules = (
			);
			dependencies = (
				424B32452B2A9B8D00FE8F00 /* PBXTargetDependency */,
			);
			name = NavToolTests;
			productName = NavToolTests;
			productReference = 424B32432B2A9B8D00FE8F00 /* NavToolTests.xctest */;
			productType = "com.apple.product-type.bundle.unit-test";
		};
		424B324C2B2A9B8D00FE8F00 /* NavToolUITests */ = {
			isa = PBXNativeTarget;
			buildConfigurationList = 424B325D2B2A9B8D00FE8F00 /* Build configuration list for PBXNativeTarget "NavToolUITests" */;
			buildPhases = (
				424B32492B2A9B8D00FE8F00 /* Sources */,
				424B324A2B2A9B8D00FE8F00 /* Frameworks */,
				424B324B2B2A9B8D00FE8F00 /* Resources */,
			);
			buildRules = (
			);
			dependencies = (
				424B324F2B2A9B8D00FE8F00 /* PBXTargetDependency */,
			);
			name = NavToolUITests;
			productName = NavToolUITests;
			productReference = 424B324D2B2A9B8D00FE8F00 /* NavToolUITests.xctest */;
			productType = "com.apple.product-type.bundle.ui-testing";
		};
/* End PBXNativeTarget section */

/* Begin PBXProject section */
		424B322B2B2A9B8B00FE8F00 /* Project object */ = {
			isa = PBXProject;
			attributes = {
				BuildIndependentTargetsInParallel = 1;
				LastSwiftUpdateCheck = 1510;
				LastUpgradeCheck = 1510;
				TargetAttributes = {
					424B32322B2A9B8B00FE8F00 = {
						CreatedOnToolsVersion = 15.1;
					};
					424B32422B2A9B8D00FE8F00 = {
						CreatedOnToolsVersion = 15.1;
						TestTargetID = 424B32322B2A9B8B00FE8F00;
					};
					424B324C2B2A9B8D00FE8F00 = {
						CreatedOnToolsVersion = 15.1;
						TestTargetID = 424B32322B2A9B8B00FE8F00;
					};
				};
			};
			buildConfigurationList = 424B322E2B2A9B8B00FE8F00 /* Build configuration list for PBXProject "NavTool" */;
			compatibilityVersion = "Xcode 14.0";
			developmentRegion = en;
			hasScannedForEncodings = 0;
			knownRegions = (
				en,
				Base,
			);
			mainGroup = 424B322A2B2A9B8B00FE8F00;
			packageReferences = (
				42C7F90B2BB8485C00EA4043 /* XCRemoteSwiftPackageReference "arcgis-maps-sdk-swift" */,
				42C7F90C2BB8498F00EA4043 /* XCRemoteSwiftPackageReference "arcgis-maps-sdk-swift-toolkit" */,
			);
			productRefGroup = 424B32342B2A9B8B00FE8F00 /* Products */;
			projectDirPath = "";
			projectRoot = "";
			targets = (
				424B32322B2A9B8B00FE8F00 /* NavTool */,
				424B32422B2A9B8D00FE8F00 /* NavToolTests */,
				424B324C2B2A9B8D00FE8F00 /* NavToolUITests */,
			);
		};
/* End PBXProject section */

/* Begin PBXResourcesBuildPhase section */
		424B32312B2A9B8B00FE8F00 /* Resources */ = {
			isa = PBXResourcesBuildPhase;
			buildActionMask = 2147483647;
			files = (
				424B323E2B2A9B8D00FE8F00 /* Preview Assets.xcassets in Resources */,
				424B323B2B2A9B8D00FE8F00 /* Assets.xcassets in Resources */,
			);
			runOnlyForDeploymentPostprocessing = 0;
		};
		424B32412B2A9B8D00FE8F00 /* Resources */ = {
			isa = PBXResourcesBuildPhase;
			buildActionMask = 2147483647;
			files = (
			);
			runOnlyForDeploymentPostprocessing = 0;
		};
		424B324B2B2A9B8D00FE8F00 /* Resources */ = {
			isa = PBXResourcesBuildPhase;
			buildActionMask = 2147483647;
			files = (
			);
			runOnlyForDeploymentPostprocessing = 0;
		};
/* End PBXResourcesBuildPhase section */

/* Begin PBXSourcesBuildPhase section */
		424B322F2B2A9B8B00FE8F00 /* Sources */ = {
			isa = PBXSourcesBuildPhase;
			buildActionMask = 2147483647;
			files = (
				424B32652B2AA23A00FE8F00 /* Compass.swift in Sources */,
				42D295AD2BB4AE1300413D83 /* GETGPS.swift in Sources */,
				424B32392B2A9B8B00FE8F00 /* ContentView.swift in Sources */,
				424B32632B2AA1FF00FE8F00 /* Marker.swift in Sources */,
				424B32372B2A9B8B00FE8F00 /* NavToolApp.swift in Sources */,
				424B32612B2A9BF000FE8F00 /* CompassMarkerView.swift in Sources */,
				42D295AF2BB4B69C00413D83 /* GPSscreen.swift in Sources */,
				42B3B94D2BB5A8900005A176 /* MapCompass.swift in Sources */,
			);
			runOnlyForDeploymentPostprocessing = 0;
		};
		424B323F2B2A9B8D00FE8F00 /* Sources */ = {
			isa = PBXSourcesBuildPhase;
			buildActionMask = 2147483647;
			files = (
				424B32482B2A9B8D00FE8F00 /* NavToolTests.swift in Sources */,
			);
			runOnlyForDeploymentPostprocessing = 0;
		};
		424B32492B2A9B8D00FE8F00 /* Sources */ = {
			isa = PBXSourcesBuildPhase;
			buildActionMask = 2147483647;
			files = (
				424B32542B2A9B8D00FE8F00 /* NavToolUITestsLaunchTests.swift in Sources */,
				424B32522B2A9B8D00FE8F00 /* NavToolUITests.swift in Sources */,
			);
			runOnlyForDeploymentPostprocessing = 0;
		};
/* End PBXSourcesBuildPhase section */

/* Begin PBXTargetDependency section */
		424B32452B2A9B8D00FE8F00 /* PBXTargetDependency */ = {
			isa = PBXTargetDependency;
			target = 424B32322B2A9B8B00FE8F00 /* NavTool */;
			targetProxy = 424B32442B2A9B8D00FE8F00 /* PBXContainerItemProxy */;
		};
		424B324F2B2A9B8D00FE8F00 /* PBXTargetDependency */ = {
			isa = PBXTargetDependency;
			target = 424B32322B2A9B8B00FE8F00 /* NavTool */;
			targetProxy = 424B324E2B2A9B8D00FE8F00 /* PBXContainerItemProxy */;
		};
/* End PBXTargetDependency section */

/* Begin XCBuildConfiguration section */
		424B32552B2A9B8D00FE8F00 /* Debug */ = {
			isa = XCBuildConfiguration;
			buildSettings = {
				ALWAYS_SEARCH_USER_PATHS = NO;
				ASSETCATALOG_COMPILER_GENERATE_SWIFT_ASSET_SYMBOL_EXTENSIONS = YES;
				CLANG_ANALYZER_NONNULL = YES;
				CLANG_ANALYZER_NUMBER_OBJECT_CONVERSION = YES_AGGRESSIVE;
				CLANG_CXX_LANGUAGE_STANDARD = "gnu++20";
				CLANG_ENABLE_MODULES = YES;
				CLANG_ENABLE_OBJC_ARC = YES;
				CLANG_ENABLE_OBJC_WEAK = YES;
				CLANG_WARN_BLOCK_CAPTURE_AUTORELEASING = YES;
				CLANG_WARN_BOOL_CONVERSION = YES;
				CLANG_WARN_COMMA = YES;
				CLANG_WARN_CONSTANT_CONVERSION = YES;
				CLANG_WARN_DEPRECATED_OBJC_IMPLEMENTATIONS = YES;
				CLANG_WARN_DIRECT_OBJC_ISA_USAGE = YES_ERROR;
				CLANG_WARN_DOCUMENTATION_COMMENTS = YES;
				CLANG_WARN_EMPTY_BODY = YES;
				CLANG_WARN_ENUM_CONVERSION = YES;
				CLANG_WARN_INFINITE_RECURSION = YES;
				CLANG_WARN_INT_CONVERSION = YES;
				CLANG_WARN_NON_LITERAL_NULL_CONVERSION = YES;
				CLANG_WARN_OBJC_IMPLICIT_RETAIN_SELF = YES;
				CLANG_WARN_OBJC_LITERAL_CONVERSION = YES;
				CLANG_WARN_OBJC_ROOT_CLASS = YES_ERROR;
				CLANG_WARN_QUOTED_INCLUDE_IN_FRAMEWORK_HEADER = YES;
				CLANG_WARN_RANGE_LOOP_ANALYSIS = YES;
				CLANG_WARN_STRICT_PROTOTYPES = YES;
				CLANG_WARN_SUSPICIOUS_MOVE = YES;
				CLANG_WARN_UNGUARDED_AVAILABILITY = YES_AGGRESSIVE;
				CLANG_WARN_UNREACHABLE_CODE = YES;
				CLANG_WARN__DUPLICATE_METHOD_MATCH = YES;
				COPY_PHASE_STRIP = NO;
				DEBUG_INFORMATION_FORMAT = dwarf;
				ENABLE_STRICT_OBJC_MSGSEND = YES;
				ENABLE_TESTABILITY = YES;
				ENABLE_USER_SCRIPT_SANDBOXING = YES;
				GCC_C_LANGUAGE_STANDARD = gnu17;
				GCC_DYNAMIC_NO_PIC = NO;
				GCC_NO_COMMON_BLOCKS = YES;
				GCC_OPTIMIZATION_LEVEL = 0;
				GCC_PREPROCESSOR_DEFINITIONS = (
					"DEBUG=1",
					"$(inherited)",
				);
				GCC_WARN_64_TO_32_BIT_CONVERSION = YES;
				GCC_WARN_ABOUT_RETURN_TYPE = YES_ERROR;
				GCC_WARN_UNDECLARED_SELECTOR = YES;
				GCC_WARN_UNINITIALIZED_AUTOS = YES_AGGRESSIVE;
				GCC_WARN_UNUSED_FUNCTION = YES;
				GCC_WARN_UNUSED_VARIABLE = YES;
				IPHONEOS_DEPLOYMENT_TARGET = 17.2;
				LOCALIZATION_PREFERS_STRING_CATALOGS = YES;
				MTL_ENABLE_DEBUG_INFO = INCLUDE_SOURCE;
				MTL_FAST_MATH = YES;
				ONLY_ACTIVE_ARCH = YES;
				SDKROOT = iphoneos;
				SWIFT_ACTIVE_COMPILATION_CONDITIONS = "DEBUG $(inherited)";
				SWIFT_OPTIMIZATION_LEVEL = "-Onone";
			};
			name = Debug;
		};
		424B32562B2A9B8D00FE8F00 /* Release */ = {
			isa = XCBuildConfiguration;
			buildSettings = {
				ALWAYS_SEARCH_USER_PATHS = NO;
				ASSETCATALOG_COMPILER_GENERATE_SWIFT_ASSET_SYMBOL_EXTENSIONS = YES;
				CLANG_ANALYZER_NONNULL = YES;
				CLANG_ANALYZER_NUMBER_OBJECT_CONVERSION = YES_AGGRESSIVE;
				CLANG_CXX_LANGUAGE_STANDARD = "gnu++20";
				CLANG_ENABLE_MODULES = YES;
				CLANG_ENABLE_OBJC_ARC = YES;
				CLANG_ENABLE_OBJC_WEAK = YES;
				CLANG_WARN_BLOCK_CAPTURE_AUTORELEASING = YES;
				CLANG_WARN_BOOL_CONVERSION = YES;
				CLANG_WARN_COMMA = YES;
				CLANG_WARN_CONSTANT_CONVERSION = YES;
				CLANG_WARN_DEPRECATED_OBJC_IMPLEMENTATIONS = YES;
				CLANG_WARN_DIRECT_OBJC_ISA_USAGE = YES_ERROR;
				CLANG_WARN_DOCUMENTATION_COMMENTS = YES;
				CLANG_WARN_EMPTY_BODY = YES;
				CLANG_WARN_ENUM_CONVERSION = YES;
				CLANG_WARN_INFINITE_RECURSION = YES;
				CLANG_WARN_INT_CONVERSION = YES;
				CLANG_WARN_NON_LITERAL_NULL_CONVERSION = YES;
				CLANG_WARN_OBJC_IMPLICIT_RETAIN_SELF = YES;
				CLANG_WARN_OBJC_LITERAL_CONVERSION = YES;
				CLANG_WARN_OBJC_ROOT_CLASS = YES_ERROR;
				CLANG_WARN_QUOTED_INCLUDE_IN_FRAMEWORK_HEADER = YES;
				CLANG_WARN_RANGE_LOOP_ANALYSIS = YES;
				CLANG_WARN_STRICT_PROTOTYPES = YES;
				CLANG_WARN_SUSPICIOUS_MOVE = YES;
				CLANG_WARN_UNGUARDED_AVAILABILITY = YES_AGGRESSIVE;
				CLANG_WARN_UNREACHABLE_CODE = YES;
				CLANG_WARN__DUPLICATE_METHOD_MATCH = YES;
				COPY_PHASE_STRIP = NO;
				DEBUG_INFORMATION_FORMAT = "dwarf-with-dsym";
				ENABLE_NS_ASSERTIONS = NO;
				ENABLE_STRICT_OBJC_MSGSEND = YES;
				ENABLE_USER_SCRIPT_SANDBOXING = YES;
				GCC_C_LANGUAGE_STANDARD = gnu17;
				GCC_NO_COMMON_BLOCKS = YES;
				GCC_WARN_64_TO_32_BIT_CONVERSION = YES;
				GCC_WARN_ABOUT_RETURN_TYPE = YES_ERROR;
				GCC_WARN_UNDECLARED_SELECTOR = YES;
				GCC_WARN_UNINITIALIZED_AUTOS = YES_AGGRESSIVE;
				GCC_WARN_UNUSED_FUNCTION = YES;
				GCC_WARN_UNUSED_VARIABLE = YES;
				IPHONEOS_DEPLOYMENT_TARGET = 17.2;
				LOCALIZATION_PREFERS_STRING_CATALOGS = YES;
				MTL_ENABLE_DEBUG_INFO = NO;
				MTL_FAST_MATH = YES;
				SDKROOT = iphoneos;
				SWIFT_COMPILATION_MODE = wholemodule;
				VALIDATE_PRODUCT = YES;
			};
			name = Release;
		};
		424B32582B2A9B8D00FE8F00 /* Debug */ = {
			isa = XCBuildConfiguration;
			buildSettings = {
				ASSETCATALOG_COMPILER_APPICON_NAME = AppIcon;
				ASSETCATALOG_COMPILER_GLOBAL_ACCENT_COLOR_NAME = AccentColor;
				CODE_SIGN_STYLE = Automatic;
				CURRENT_PROJECT_VERSION = 1;
				DEVELOPMENT_ASSET_PATHS = "\"NavTool/Preview Content\"";
				DEVELOPMENT_TEAM = UM222WLT9L;
				ENABLE_PREVIEWS = YES;
				GENERATE_INFOPLIST_FILE = YES;
				INFOPLIST_KEY_NSLocationWhenInUseUsageDescription = "So people can see you";
				INFOPLIST_KEY_UIApplicationSceneManifest_Generation = YES;
				INFOPLIST_KEY_UIApplicationSupportsIndirectInputEvents = YES;
				INFOPLIST_KEY_UILaunchScreen_Generation = YES;
				INFOPLIST_KEY_UISupportedInterfaceOrientations_iPad = "UIInterfaceOrientationPortrait UIInterfaceOrientationPortraitUpsideDown UIInterfaceOrientationLandscapeLeft UIInterfaceOrientationLandscapeRight";
				INFOPLIST_KEY_UISupportedInterfaceOrientations_iPhone = "UIInterfaceOrientationPortrait UIInterfaceOrientationLandscapeLeft UIInterfaceOrientationLandscapeRight";
				LD_RUNPATH_SEARCH_PATHS = (
					"$(inherited)",
					"@executable_path/Frameworks",
				);
				MARKETING_VERSION = 1.0;
				PRODUCT_BUNDLE_IDENTIFIER = mcanderson.NavTool;
				PRODUCT_NAME = "$(TARGET_NAME)";
				SWIFT_EMIT_LOC_STRINGS = YES;
				SWIFT_VERSION = 5.0;
				TARGETED_DEVICE_FAMILY = "1,2";
			};
			name = Debug;
		};
		424B32592B2A9B8D00FE8F00 /* Release */ = {
			isa = XCBuildConfiguration;
			buildSettings = {
				ASSETCATALOG_COMPILER_APPICON_NAME = AppIcon;
				ASSETCATALOG_COMPILER_GLOBAL_ACCENT_COLOR_NAME = AccentColor;
				CODE_SIGN_STYLE = Automatic;
				CURRENT_PROJECT_VERSION = 1;
				DEVELOPMENT_ASSET_PATHS = "\"NavTool/Preview Content\"";
				DEVELOPMENT_TEAM = UM222WLT9L;
				ENABLE_PREVIEWS = YES;
				GENERATE_INFOPLIST_FILE = YES;
				INFOPLIST_KEY_NSLocationWhenInUseUsageDescription = "So people can see you";
				INFOPLIST_KEY_UIApplicationSceneManifest_Generation = YES;
				INFOPLIST_KEY_UIApplicationSupportsIndirectInputEvents = YES;
				INFOPLIST_KEY_UILaunchScreen_Generation = YES;
				INFOPLIST_KEY_UISupportedInterfaceOrientations_iPad = "UIInterfaceOrientationPortrait UIInterfaceOrientationPortraitUpsideDown UIInterfaceOrientationLandscapeLeft UIInterfaceOrientationLandscapeRight";
				INFOPLIST_KEY_UISupportedInterfaceOrientations_iPhone = "UIInterfaceOrientationPortrait UIInterfaceOrientationLandscapeLeft UIInterfaceOrientationLandscapeRight";
				LD_RUNPATH_SEARCH_PATHS = (
					"$(inherited)",
					"@executable_path/Frameworks",
				);
				MARKETING_VERSION = 1.0;
				PRODUCT_BUNDLE_IDENTIFIER = mcanderson.NavTool;
				PRODUCT_NAME = "$(TARGET_NAME)";
				SWIFT_EMIT_LOC_STRINGS = YES;
				SWIFT_VERSION = 5.0;
				TARGETED_DEVICE_FAMILY = "1,2";
			};
			name = Release;
		};
		424B325B2B2A9B8D00FE8F00 /* Debug */ = {
			isa = XCBuildConfiguration;
			buildSettings = {
				ALWAYS_EMBED_SWIFT_STANDARD_LIBRARIES = YES;
				BUNDLE_LOADER = "$(TEST_HOST)";
				CODE_SIGN_STYLE = Automatic;
				CURRENT_PROJECT_VERSION = 1;
				DEVELOPMENT_TEAM = UM222WLT9L;
				GENERATE_INFOPLIST_FILE = YES;
				IPHONEOS_DEPLOYMENT_TARGET = 17.2;
				MARKETING_VERSION = 1.0;
				PRODUCT_BUNDLE_IDENTIFIER = mcanderson.NavToolTests;
				PRODUCT_NAME = "$(TARGET_NAME)";
				SWIFT_EMIT_LOC_STRINGS = NO;
				SWIFT_VERSION = 5.0;
				TARGETED_DEVICE_FAMILY = "1,2";
				TEST_HOST = "$(BUILT_PRODUCTS_DIR)/NavTool.app/$(BUNDLE_EXECUTABLE_FOLDER_PATH)/NavTool";
			};
			name = Debug;
		};
		424B325C2B2A9B8D00FE8F00 /* Release */ = {
			isa = XCBuildConfiguration;
			buildSettings = {
				ALWAYS_EMBED_SWIFT_STANDARD_LIBRARIES = YES;
				BUNDLE_LOADER = "$(TEST_HOST)";
				CODE_SIGN_STYLE = Automatic;
				CURRENT_PROJECT_VERSION = 1;
				DEVELOPMENT_TEAM = UM222WLT9L;
				GENERATE_INFOPLIST_FILE = YES;
				IPHONEOS_DEPLOYMENT_TARGET = 17.2;
				MARKETING_VERSION = 1.0;
				PRODUCT_BUNDLE_IDENTIFIER = mcanderson.NavToolTests;
				PRODUCT_NAME = "$(TARGET_NAME)";
				SWIFT_EMIT_LOC_STRINGS = NO;
				SWIFT_VERSION = 5.0;
				TARGETED_DEVICE_FAMILY = "1,2";
				TEST_HOST = "$(BUILT_PRODUCTS_DIR)/NavTool.app/$(BUNDLE_EXECUTABLE_FOLDER_PATH)/NavTool";
			};
			name = Release;
		};
		424B325E2B2A9B8D00FE8F00 /* Debug */ = {
			isa = XCBuildConfiguration;
			buildSettings = {
				ALWAYS_EMBED_SWIFT_STANDARD_LIBRARIES = YES;
				CODE_SIGN_STYLE = Automatic;
				CURRENT_PROJECT_VERSION = 1;
				DEVELOPMENT_TEAM = UM222WLT9L;
				GENERATE_INFOPLIST_FILE = YES;
				MARKETING_VERSION = 1.0;
				PRODUCT_BUNDLE_IDENTIFIER = mcanderson.NavToolUITests;
				PRODUCT_NAME = "$(TARGET_NAME)";
				SWIFT_EMIT_LOC_STRINGS = NO;
				SWIFT_VERSION = 5.0;
				TARGETED_DEVICE_FAMILY = "1,2";
				TEST_TARGET_NAME = NavTool;
			};
			name = Debug;
		};
		424B325F2B2A9B8D00FE8F00 /* Release */ = {
			isa = XCBuildConfiguration;
			buildSettings = {
				ALWAYS_EMBED_SWIFT_STANDARD_LIBRARIES = YES;
				CODE_SIGN_STYLE = Automatic;
				CURRENT_PROJECT_VERSION = 1;
				DEVELOPMENT_TEAM = UM222WLT9L;
				GENERATE_INFOPLIST_FILE = YES;
				MARKETING_VERSION = 1.0;
				PRODUCT_BUNDLE_IDENTIFIER = mcanderson.NavToolUITests;
				PRODUCT_NAME = "$(TARGET_NAME)";
				SWIFT_EMIT_LOC_STRINGS = NO;
				SWIFT_VERSION = 5.0;
				TARGETED_DEVICE_FAMILY = "1,2";
				TEST_TARGET_NAME = NavTool;
			};
			name = Release;
		};
/* End XCBuildConfiguration section */

/* Begin XCConfigurationList section */
		424B322E2B2A9B8B00FE8F00 /* Build configuration list for PBXProject "NavTool" */ = {
			isa = XCConfigurationList;
			buildConfigurations = (
				424B32552B2A9B8D00FE8F00 /* Debug */,
				424B32562B2A9B8D00FE8F00 /* Release */,
			);
			defaultConfigurationIsVisible = 0;
			defaultConfigurationName = Release;
		};
		424B32572B2A9B8D00FE8F00 /* Build configuration list for PBXNativeTarget "NavTool" */ = {
			isa = XCConfigurationList;
			buildConfigurations = (
				424B32582B2A9B8D00FE8F00 /* Debug */,
				424B32592B2A9B8D00FE8F00 /* Release */,
			);
			defaultConfigurationIsVisible = 0;
			defaultConfigurationName = Release;
		};
		424B325A2B2A9B8D00FE8F00 /* Build configuration list for PBXNativeTarget "NavToolTests" */ = {
			isa = XCConfigurationList;
			buildConfigurations = (
				424B325B2B2A9B8D00FE8F00 /* Debug */,
				424B325C2B2A9B8D00FE8F00 /* Release */,
			);
			defaultConfigurationIsVisible = 0;
			defaultConfigurationName = Release;
		};
		424B325D2B2A9B8D00FE8F00 /* Build configuration list for PBXNativeTarget "NavToolUITests" */ = {
			isa = XCConfigurationList;
			buildConfigurations = (
				424B325E2B2A9B8D00FE8F00 /* Debug */,
				424B325F2B2A9B8D00FE8F00 /* Release */,
			);
			defaultConfigurationIsVisible = 0;
			defaultConfigurationName = Release;
		};
/* End XCConfigurationList section */

/* Begin XCRemoteSwiftPackageReference section */
		42C7F90B2BB8485C00EA4043 /* XCRemoteSwiftPackageReference "arcgis-maps-sdk-swift" */ = {
			isa = XCRemoteSwiftPackageReference;
			repositoryURL = "https://github.com/Esri/arcgis-maps-sdk-swift";
			requirement = {
				kind = upToNextMajorVersion;
				minimumVersion = 200.3.0;
			};
		};
		42C7F90C2BB8498F00EA4043 /* XCRemoteSwiftPackageReference "arcgis-maps-sdk-swift-toolkit" */ = {
			isa = XCRemoteSwiftPackageReference;
			repositoryURL = "https://github.com/Esri/arcgis-maps-sdk-swift-toolkit";
			requirement = {
				kind = upToNextMajorVersion;
				minimumVersion = 200.3.0;
			};
		};
/* End XCRemoteSwiftPackageReference section */

/* Begin XCSwiftPackageProductDependency section */
		42C7F97F2BB855CA00EA4043 /* ArcGIS */ = {
			isa = XCSwiftPackageProductDependency;
			package = 42C7F90B2BB8485C00EA4043 /* XCRemoteSwiftPackageReference "arcgis-maps-sdk-swift" */;
			productName = ArcGIS;
		};
		42C7F9812BB855D100EA4043 /* ArcGISToolkit */ = {
			isa = XCSwiftPackageProductDependency;
			package = 42C7F90C2BB8498F00EA4043 /* XCRemoteSwiftPackageReference "arcgis-maps-sdk-swift-toolkit" */;
			productName = ArcGISToolkit;
		};
/* End XCSwiftPackageProductDependency section */
	};
	rootObject = 424B322B2B2A9B8B00FE8F00 /* Project object */;
}
